{
  "name": "blockchain",
  "version": "1.0.0",
  "lockfileVersion": 3,
  "requires": true,
  "packages": {
    "": {
      "name": "blockchain",
      "version": "1.0.0",
      "dependencies": {
        "kapitalize": "^0.3.3"
      }
    },
    "node_modules/kapitalize": {
      "version": "0.3.3",
      "resolved": "https://registry.npmjs.org/kapitalize/-/kapitalize-0.3.3.tgz",
      "integrity": "sha512-1Ipstx7pRKyO+aSwxnYYNvqvkWpJNIPdJ1dSC9KdbRy8a7+/lIngzdkpsqZF3affI0f/7Kcbo/4h8SwQSX0pTg==",
      "engines": {
        "node": ">= 0.4.0"
      }
    }
  }
}
